// !$*UTF8*$!
{
	archiveVersion = 1;
	classes = {
	};
	objectVersion = 46;
	objects = {

/* Begin PBXBuildFile section */
		CD36855C1B5E659500DFC78A /* AppDelegate.swift in Sources */ = {isa = PBXBuildFile; fileRef = CD36855B1B5E659500DFC78A /* AppDelegate.swift */; };
		CD36855E1B5E659500DFC78A /* ViewController.swift in Sources */ = {isa = PBXBuildFile; fileRef = CD36855D1B5E659500DFC78A /* ViewController.swift */; };
		CD3685601B5E659500DFC78A /* Assets.xcassets in Resources */ = {isa = PBXBuildFile; fileRef = CD36855F1B5E659500DFC78A /* Assets.xcassets */; };
		CD3685631B5E659500DFC78A /* Main.storyboard in Resources */ = {isa = PBXBuildFile; fileRef = CD3685611B5E659500DFC78A /* Main.storyboard */; };
		CD36856E1B5E659500DFC78A /* ViviTests.swift in Sources */ = {isa = PBXBuildFile; fileRef = CD36856D1B5E659500DFC78A /* ViviTests.swift */; };
		CD3685791B5E659500DFC78A /* ViviUITests.swift in Sources */ = {isa = PBXBuildFile; fileRef = CD3685781B5E659500DFC78A /* ViviUITests.swift */; };
		CDE658911B5E66D400290E34 /* ViviSwiften.h in Headers */ = {isa = PBXBuildFile; fileRef = CDE658901B5E66D400290E34 /* ViviSwiften.h */; settings = {ATTRIBUTES = (Public, ); }; };
		CDE658981B5E66D400290E34 /* ViviSwiften.framework in Frameworks */ = {isa = PBXBuildFile; fileRef = CDE6588E1B5E66D400290E34 /* ViviSwiften.framework */; };
		CDE6589F1B5E66D400290E34 /* ViviSwiftenTests.m in Sources */ = {isa = PBXBuildFile; fileRef = CDE6589E1B5E66D400290E34 /* ViviSwiftenTests.m */; };
		CDE658A31B5E66D400290E34 /* ViviSwiften.framework in Frameworks */ = {isa = PBXBuildFile; fileRef = CDE6588E1B5E66D400290E34 /* ViviSwiften.framework */; };
		CDE658A41B5E66D400290E34 /* ViviSwiften.framework in Embed Frameworks */ = {isa = PBXBuildFile; fileRef = CDE6588E1B5E66D400290E34 /* ViviSwiften.framework */; settings = {ATTRIBUTES = (CodeSignOnCopy, RemoveHeadersOnCopy, ); }; };
		CDE658B61B5E691000290E34 /* VSClientDelegate.h in Headers */ = {isa = PBXBuildFile; fileRef = CDE658B51B5E691000290E34 /* VSClientDelegate.h */; settings = {ATTRIBUTES = (Public, ); }; };
		CDE658BC1B5E6FF500290E34 /* VSViviProtocol.h in Headers */ = {isa = PBXBuildFile; fileRef = CDE658BB1B5E6FF500290E34 /* VSViviProtocol.h */; settings = {ATTRIBUTES = (Public, ); }; };
		CDE658BF1B5E70D600290E34 /* VSClientControllerProtocol.h in Headers */ = {isa = PBXBuildFile; fileRef = CDE658BE1B5E70D600290E34 /* VSClientControllerProtocol.h */; settings = {ATTRIBUTES = (Public, ); }; };
		CDE658C11B5E71F300290E34 /* VSControllerProtocol.h in Headers */ = {isa = PBXBuildFile; fileRef = CDE658C01B5E71F300290E34 /* VSControllerProtocol.h */; settings = {ATTRIBUTES = (Public, ); }; };
		CDE658C31B5E754B00290E34 /* VSSharedVivi.h in Headers */ = {isa = PBXBuildFile; fileRef = CDE658C21B5E754B00290E34 /* VSSharedVivi.h */; settings = {ATTRIBUTES = (Public, ); }; };
		CDE658C61B5E76FC00290E34 /* VSSharedVivi.m in Sources */ = {isa = PBXBuildFile; fileRef = CDE658C51B5E76FC00290E34 /* VSSharedVivi.m */; };
		CDE658C81B5E7FAC00290E34 /* Vivi.swift in Sources */ = {isa = PBXBuildFile; fileRef = CDE658C71B5E7FAC00290E34 /* Vivi.swift */; };
		CDE658CC1B5E8B8000290E34 /* SWClientWrapper.h in Headers */ = {isa = PBXBuildFile; fileRef = CDE658CA1B5E8B8000290E34 /* SWClientWrapper.h */; };
		CDE658CD1B5E8B8000290E34 /* SWClientWrapper.mm in Sources */ = {isa = PBXBuildFile; fileRef = CDE658CB1B5E8B8000290E34 /* SWClientWrapper.mm */; };
		CDE658D01B5EA70F00290E34 /* SWClient.h in Headers */ = {isa = PBXBuildFile; fileRef = CDE658CE1B5EA70F00290E34 /* SWClient.h */; };
		CDE658D11B5EA70F00290E34 /* SWClient.mm in Sources */ = {isa = PBXBuildFile; fileRef = CDE658CF1B5EA70F00290E34 /* SWClient.mm */; };
/* End PBXBuildFile section */

/* Begin PBXContainerItemProxy section */
		CD36856A1B5E659500DFC78A /* PBXContainerItemProxy */ = {
			isa = PBXContainerItemProxy;
			containerPortal = CD3685501B5E659500DFC78A /* Project object */;
			proxyType = 1;
			remoteGlobalIDString = CD3685571B5E659500DFC78A;
			remoteInfo = Vivi;
		};
		CD3685751B5E659500DFC78A /* PBXContainerItemProxy */ = {
			isa = PBXContainerItemProxy;
			containerPortal = CD3685501B5E659500DFC78A /* Project object */;
			proxyType = 1;
			remoteGlobalIDString = CD3685571B5E659500DFC78A;
			remoteInfo = Vivi;
		};
		CDE658991B5E66D400290E34 /* PBXContainerItemProxy */ = {
			isa = PBXContainerItemProxy;
			containerPortal = CD3685501B5E659500DFC78A /* Project object */;
			proxyType = 1;
			remoteGlobalIDString = CDE6588D1B5E66D400290E34;
			remoteInfo = ViviSwiften;
		};
		CDE6589B1B5E66D400290E34 /* PBXContainerItemProxy */ = {
			isa = PBXContainerItemProxy;
			containerPortal = CD3685501B5E659500DFC78A /* Project object */;
			proxyType = 1;
			remoteGlobalIDString = CD3685571B5E659500DFC78A;
			remoteInfo = Vivi;
		};
		CDE658A11B5E66D400290E34 /* PBXContainerItemProxy */ = {
			isa = PBXContainerItemProxy;
			containerPortal = CD3685501B5E659500DFC78A /* Project object */;
			proxyType = 1;
			remoteGlobalIDString = CDE6588D1B5E66D400290E34;
			remoteInfo = ViviSwiften;
		};
/* End PBXContainerItemProxy section */

/* Begin PBXCopyFilesBuildPhase section */
		CDE658AA1B5E66D400290E34 /* Embed Frameworks */ = {
			isa = PBXCopyFilesBuildPhase;
			buildActionMask = 2147483647;
			dstPath = "";
			dstSubfolderSpec = 10;
			files = (
				CDE658A41B5E66D400290E34 /* ViviSwiften.framework in Embed Frameworks */,
			);
			name = "Embed Frameworks";
			runOnlyForDeploymentPostprocessing = 0;
		};
/* End PBXCopyFilesBuildPhase section */

/* Begin PBXFileReference section */
		CD3685581B5E659500DFC78A /* Vivi.app */ = {isa = PBXFileReference; explicitFileType = wrapper.application; includeInIndex = 0; path = Vivi.app; sourceTree = BUILT_PRODUCTS_DIR; };
		CD36855B1B5E659500DFC78A /* AppDelegate.swift */ = {isa = PBXFileReference; lastKnownFileType = sourcecode.swift; path = AppDelegate.swift; sourceTree = "<group>"; };
		CD36855D1B5E659500DFC78A /* ViewController.swift */ = {isa = PBXFileReference; lastKnownFileType = sourcecode.swift; path = ViewController.swift; sourceTree = "<group>"; };
		CD36855F1B5E659500DFC78A /* Assets.xcassets */ = {isa = PBXFileReference; lastKnownFileType = folder.assetcatalog; path = Assets.xcassets; sourceTree = "<group>"; };
		CD3685621B5E659500DFC78A /* Base */ = {isa = PBXFileReference; lastKnownFileType = file.storyboard; name = Base; path = Base.lproj/Main.storyboard; sourceTree = "<group>"; };
		CD3685641B5E659500DFC78A /* Info.plist */ = {isa = PBXFileReference; lastKnownFileType = text.plist.xml; path = Info.plist; sourceTree = "<group>"; };
		CD3685691B5E659500DFC78A /* ViviTests.xctest */ = {isa = PBXFileReference; explicitFileType = wrapper.cfbundle; includeInIndex = 0; path = ViviTests.xctest; sourceTree = BUILT_PRODUCTS_DIR; };
		CD36856D1B5E659500DFC78A /* ViviTests.swift */ = {isa = PBXFileReference; lastKnownFileType = sourcecode.swift; path = ViviTests.swift; sourceTree = "<group>"; };
		CD36856F1B5E659500DFC78A /* Info.plist */ = {isa = PBXFileReference; lastKnownFileType = text.plist.xml; path = Info.plist; sourceTree = "<group>"; };
		CD3685741B5E659500DFC78A /* ViviUITests.xctest */ = {isa = PBXFileReference; explicitFileType = wrapper.cfbundle; includeInIndex = 0; path = ViviUITests.xctest; sourceTree = BUILT_PRODUCTS_DIR; };
		CD3685781B5E659500DFC78A /* ViviUITests.swift */ = {isa = PBXFileReference; lastKnownFileType = sourcecode.swift; path = ViviUITests.swift; sourceTree = "<group>"; };
		CD36857A1B5E659500DFC78A /* Info.plist */ = {isa = PBXFileReference; lastKnownFileType = text.plist.xml; path = Info.plist; sourceTree = "<group>"; };
		CDE6588E1B5E66D400290E34 /* ViviSwiften.framework */ = {isa = PBXFileReference; explicitFileType = wrapper.framework; includeInIndex = 0; path = ViviSwiften.framework; sourceTree = BUILT_PRODUCTS_DIR; };
		CDE658901B5E66D400290E34 /* ViviSwiften.h */ = {isa = PBXFileReference; lastKnownFileType = sourcecode.c.h; path = ViviSwiften.h; sourceTree = "<group>"; };
		CDE658921B5E66D400290E34 /* Info.plist */ = {isa = PBXFileReference; lastKnownFileType = text.plist.xml; path = Info.plist; sourceTree = "<group>"; };
		CDE658971B5E66D400290E34 /* ViviSwiftenTests.xctest */ = {isa = PBXFileReference; explicitFileType = wrapper.cfbundle; includeInIndex = 0; path = ViviSwiftenTests.xctest; sourceTree = BUILT_PRODUCTS_DIR; };
		CDE6589E1B5E66D400290E34 /* ViviSwiftenTests.m */ = {isa = PBXFileReference; lastKnownFileType = sourcecode.c.objc; path = ViviSwiftenTests.m; sourceTree = "<group>"; };
		CDE658A01B5E66D400290E34 /* Info.plist */ = {isa = PBXFileReference; lastKnownFileType = text.plist.xml; path = Info.plist; sourceTree = "<group>"; };
		CDE658B51B5E691000290E34 /* VSClientDelegate.h */ = {isa = PBXFileReference; fileEncoding = 4; lastKnownFileType = sourcecode.c.h; path = VSClientDelegate.h; sourceTree = "<group>"; };
		CDE658BB1B5E6FF500290E34 /* VSViviProtocol.h */ = {isa = PBXFileReference; fileEncoding = 4; lastKnownFileType = sourcecode.c.h; path = VSViviProtocol.h; sourceTree = "<group>"; };
		CDE658BE1B5E70D600290E34 /* VSClientControllerProtocol.h */ = {isa = PBXFileReference; fileEncoding = 4; lastKnownFileType = sourcecode.c.h; path = VSClientControllerProtocol.h; sourceTree = "<group>"; };
		CDE658C01B5E71F300290E34 /* VSControllerProtocol.h */ = {isa = PBXFileReference; fileEncoding = 4; lastKnownFileType = sourcecode.c.h; path = VSControllerProtocol.h; sourceTree = "<group>"; };
		CDE658C21B5E754B00290E34 /* VSSharedVivi.h */ = {isa = PBXFileReference; fileEncoding = 4; lastKnownFileType = sourcecode.c.h; path = VSSharedVivi.h; sourceTree = "<group>"; };
		CDE658C51B5E76FC00290E34 /* VSSharedVivi.m */ = {isa = PBXFileReference; fileEncoding = 4; lastKnownFileType = sourcecode.c.objc; path = VSSharedVivi.m; sourceTree = "<group>"; };
		CDE658C71B5E7FAC00290E34 /* Vivi.swift */ = {isa = PBXFileReference; fileEncoding = 4; lastKnownFileType = sourcecode.swift; path = Vivi.swift; sourceTree = "<group>"; };
		CDE658CA1B5E8B8000290E34 /* SWClientWrapper.h */ = {isa = PBXFileReference; fileEncoding = 4; lastKnownFileType = sourcecode.c.h; path = SWClientWrapper.h; sourceTree = "<group>"; };
		CDE658CB1B5E8B8000290E34 /* SWClientWrapper.mm */ = {isa = PBXFileReference; fileEncoding = 4; lastKnownFileType = sourcecode.cpp.objcpp; path = SWClientWrapper.mm; sourceTree = "<group>"; };
		CDE658CE1B5EA70F00290E34 /* SWClient.h */ = {isa = PBXFileReference; fileEncoding = 4; lastKnownFileType = sourcecode.c.h; path = SWClient.h; sourceTree = "<group>"; };
		CDE658CF1B5EA70F00290E34 /* SWClient.mm */ = {isa = PBXFileReference; fileEncoding = 4; lastKnownFileType = sourcecode.cpp.objcpp; path = SWClient.mm; sourceTree = "<group>"; };
/* End PBXFileReference section */

/* Begin PBXFrameworksBuildPhase section */
		CD3685551B5E659500DFC78A /* Frameworks */ = {
			isa = PBXFrameworksBuildPhase;
			buildActionMask = 2147483647;
			files = (
				CDE658A31B5E66D400290E34 /* ViviSwiften.framework in Frameworks */,
			);
			runOnlyForDeploymentPostprocessing = 0;
		};
		CD3685661B5E659500DFC78A /* Frameworks */ = {
			isa = PBXFrameworksBuildPhase;
			buildActionMask = 2147483647;
			files = (
			);
			runOnlyForDeploymentPostprocessing = 0;
		};
		CD3685711B5E659500DFC78A /* Frameworks */ = {
			isa = PBXFrameworksBuildPhase;
			buildActionMask = 2147483647;
			files = (
			);
			runOnlyForDeploymentPostprocessing = 0;
		};
		CDE6588A1B5E66D400290E34 /* Frameworks */ = {
			isa = PBXFrameworksBuildPhase;
			buildActionMask = 2147483647;
			files = (
			);
			runOnlyForDeploymentPostprocessing = 0;
		};
		CDE658941B5E66D400290E34 /* Frameworks */ = {
			isa = PBXFrameworksBuildPhase;
			buildActionMask = 2147483647;
			files = (
				CDE658981B5E66D400290E34 /* ViviSwiften.framework in Frameworks */,
			);
			runOnlyForDeploymentPostprocessing = 0;
		};
/* End PBXFrameworksBuildPhase section */

/* Begin PBXGroup section */
		CD36854F1B5E659500DFC78A = {
			isa = PBXGroup;
			children = (
				CD36855A1B5E659500DFC78A /* Vivi */,
				CD36856C1B5E659500DFC78A /* ViviTests */,
				CD3685771B5E659500DFC78A /* ViviUITests */,
				CDE6588F1B5E66D400290E34 /* ViviSwiften */,
				CDE6589D1B5E66D400290E34 /* ViviSwiftenTests */,
				CD3685591B5E659500DFC78A /* Products */,
			);
			sourceTree = "<group>";
		};
		CD3685591B5E659500DFC78A /* Products */ = {
			isa = PBXGroup;
			children = (
				CD3685581B5E659500DFC78A /* Vivi.app */,
				CD3685691B5E659500DFC78A /* ViviTests.xctest */,
				CD3685741B5E659500DFC78A /* ViviUITests.xctest */,
				CDE6588E1B5E66D400290E34 /* ViviSwiften.framework */,
				CDE658971B5E66D400290E34 /* ViviSwiftenTests.xctest */,
			);
			name = Products;
			sourceTree = "<group>";
		};
		CD36855A1B5E659500DFC78A /* Vivi */ = {
			isa = PBXGroup;
			children = (
				CD36855B1B5E659500DFC78A /* AppDelegate.swift */,
				CD36855D1B5E659500DFC78A /* ViewController.swift */,
				CD36855F1B5E659500DFC78A /* Assets.xcassets */,
				CD3685611B5E659500DFC78A /* Main.storyboard */,
				CD3685641B5E659500DFC78A /* Info.plist */,
				CDE658C71B5E7FAC00290E34 /* Vivi.swift */,
			);
			path = Vivi;
			sourceTree = "<group>";
		};
		CD36856C1B5E659500DFC78A /* ViviTests */ = {
			isa = PBXGroup;
			children = (
				CD36856D1B5E659500DFC78A /* ViviTests.swift */,
				CD36856F1B5E659500DFC78A /* Info.plist */,
			);
			path = ViviTests;
			sourceTree = "<group>";
		};
		CD3685771B5E659500DFC78A /* ViviUITests */ = {
			isa = PBXGroup;
			children = (
				CD3685781B5E659500DFC78A /* ViviUITests.swift */,
				CD36857A1B5E659500DFC78A /* Info.plist */,
			);
			path = ViviUITests;
			sourceTree = "<group>";
		};
		CDE6588F1B5E66D400290E34 /* ViviSwiften */ = {
			isa = PBXGroup;
			children = (
				CDE658C91B5E897300290E34 /* Swiften Adapter */,
				CDE658BD1B5E70A600290E34 /* Protocol */,
				CDE658901B5E66D400290E34 /* ViviSwiften.h */,
				CDE658921B5E66D400290E34 /* Info.plist */,
				CDE658C21B5E754B00290E34 /* VSSharedVivi.h */,
				CDE658C51B5E76FC00290E34 /* VSSharedVivi.m */,
			);
			path = ViviSwiften;
			sourceTree = "<group>";
		};
		CDE6589D1B5E66D400290E34 /* ViviSwiftenTests */ = {
			isa = PBXGroup;
			children = (
				CDE6589E1B5E66D400290E34 /* ViviSwiftenTests.m */,
				CDE658A01B5E66D400290E34 /* Info.plist */,
			);
			path = ViviSwiftenTests;
			sourceTree = "<group>";
		};
		CDE658BD1B5E70A600290E34 /* Protocol */ = {
			isa = PBXGroup;
			children = (
				CDE658BB1B5E6FF500290E34 /* VSViviProtocol.h */,
				CDE658BE1B5E70D600290E34 /* VSClientControllerProtocol.h */,
				CDE658C01B5E71F300290E34 /* VSControllerProtocol.h */,
				CDE658B51B5E691000290E34 /* VSClientDelegate.h */,
			);
			name = Protocol;
			sourceTree = "<group>";
		};
		CDE658C91B5E897300290E34 /* Swiften Adapter */ = {
			isa = PBXGroup;
			children = (
				CDE658CA1B5E8B8000290E34 /* SWClientWrapper.h */,
				CDE658CB1B5E8B8000290E34 /* SWClientWrapper.mm */,
				CDE658CE1B5EA70F00290E34 /* SWClient.h */,
				CDE658CF1B5EA70F00290E34 /* SWClient.mm */,
			);
			name = "Swiften Adapter";
			sourceTree = "<group>";
		};
/* End PBXGroup section */

/* Begin PBXHeadersBuildPhase section */
		CDE6588B1B5E66D400290E34 /* Headers */ = {
			isa = PBXHeadersBuildPhase;
			buildActionMask = 2147483647;
			files = (
				CDE658CC1B5E8B8000290E34 /* SWClientWrapper.h in Headers */,
				CDE658D01B5EA70F00290E34 /* SWClient.h in Headers */,
				CDE658C31B5E754B00290E34 /* VSSharedVivi.h in Headers */,
				CDE658BF1B5E70D600290E34 /* VSClientControllerProtocol.h in Headers */,
				CDE658BC1B5E6FF500290E34 /* VSViviProtocol.h in Headers */,
				CDE658B61B5E691000290E34 /* VSClientDelegate.h in Headers */,
				CDE658C11B5E71F300290E34 /* VSControllerProtocol.h in Headers */,
				CDE658911B5E66D400290E34 /* ViviSwiften.h in Headers */,
			);
			runOnlyForDeploymentPostprocessing = 0;
		};
/* End PBXHeadersBuildPhase section */

/* Begin PBXNativeTarget section */
		CD3685571B5E659500DFC78A /* Vivi */ = {
			isa = PBXNativeTarget;
			buildConfigurationList = CD36857D1B5E659500DFC78A /* Build configuration list for PBXNativeTarget "Vivi" */;
			buildPhases = (
				CD3685541B5E659500DFC78A /* Sources */,
				CD3685551B5E659500DFC78A /* Frameworks */,
				CD3685561B5E659500DFC78A /* Resources */,
				CDE658AA1B5E66D400290E34 /* Embed Frameworks */,
			);
			buildRules = (
			);
			dependencies = (
				CDE658A21B5E66D400290E34 /* PBXTargetDependency */,
			);
			name = Vivi;
			productName = Vivi;
			productReference = CD3685581B5E659500DFC78A /* Vivi.app */;
			productType = "com.apple.product-type.application";
		};
		CD3685681B5E659500DFC78A /* ViviTests */ = {
			isa = PBXNativeTarget;
			buildConfigurationList = CD3685801B5E659500DFC78A /* Build configuration list for PBXNativeTarget "ViviTests" */;
			buildPhases = (
				CD3685651B5E659500DFC78A /* Sources */,
				CD3685661B5E659500DFC78A /* Frameworks */,
				CD3685671B5E659500DFC78A /* Resources */,
			);
			buildRules = (
			);
			dependencies = (
				CD36856B1B5E659500DFC78A /* PBXTargetDependency */,
			);
			name = ViviTests;
			productName = ViviTests;
			productReference = CD3685691B5E659500DFC78A /* ViviTests.xctest */;
			productType = "com.apple.product-type.bundle.unit-test";
		};
		CD3685731B5E659500DFC78A /* ViviUITests */ = {
			isa = PBXNativeTarget;
			buildConfigurationList = CD3685831B5E659500DFC78A /* Build configuration list for PBXNativeTarget "ViviUITests" */;
			buildPhases = (
				CD3685701B5E659500DFC78A /* Sources */,
				CD3685711B5E659500DFC78A /* Frameworks */,
				CD3685721B5E659500DFC78A /* Resources */,
			);
			buildRules = (
			);
			dependencies = (
				CD3685761B5E659500DFC78A /* PBXTargetDependency */,
			);
			name = ViviUITests;
			productName = ViviUITests;
			productReference = CD3685741B5E659500DFC78A /* ViviUITests.xctest */;
			productType = "com.apple.product-type.bundle.ui-testing";
		};
		CDE6588D1B5E66D400290E34 /* ViviSwiften */ = {
			isa = PBXNativeTarget;
			buildConfigurationList = CDE658A91B5E66D400290E34 /* Build configuration list for PBXNativeTarget "ViviSwiften" */;
			buildPhases = (
				CDE658891B5E66D400290E34 /* Sources */,
				CDE6588A1B5E66D400290E34 /* Frameworks */,
				CDE6588B1B5E66D400290E34 /* Headers */,
				CDE6588C1B5E66D400290E34 /* Resources */,
			);
			buildRules = (
			);
			dependencies = (
			);
			name = ViviSwiften;
			productName = ViviSwiften;
			productReference = CDE6588E1B5E66D400290E34 /* ViviSwiften.framework */;
			productType = "com.apple.product-type.framework";
		};
		CDE658961B5E66D400290E34 /* ViviSwiftenTests */ = {
			isa = PBXNativeTarget;
			buildConfigurationList = CDE658AB1B5E66D400290E34 /* Build configuration list for PBXNativeTarget "ViviSwiftenTests" */;
			buildPhases = (
				CDE658931B5E66D400290E34 /* Sources */,
				CDE658941B5E66D400290E34 /* Frameworks */,
				CDE658951B5E66D400290E34 /* Resources */,
			);
			buildRules = (
			);
			dependencies = (
				CDE6589A1B5E66D400290E34 /* PBXTargetDependency */,
				CDE6589C1B5E66D400290E34 /* PBXTargetDependency */,
			);
			name = ViviSwiftenTests;
			productName = ViviSwiftenTests;
			productReference = CDE658971B5E66D400290E34 /* ViviSwiftenTests.xctest */;
			productType = "com.apple.product-type.bundle.unit-test";
		};
/* End PBXNativeTarget section */

/* Begin PBXProject section */
		CD3685501B5E659500DFC78A /* Project object */ = {
			isa = PBXProject;
			attributes = {
				LastUpgradeCheck = 0700;
				ORGANIZATIONNAME = "Junyuan Hong";
				TargetAttributes = {
					CD3685571B5E659500DFC78A = {
						CreatedOnToolsVersion = 7.0;
					};
					CD3685681B5E659500DFC78A = {
						CreatedOnToolsVersion = 7.0;
						TestTargetID = CD3685571B5E659500DFC78A;
					};
					CD3685731B5E659500DFC78A = {
						CreatedOnToolsVersion = 7.0;
						TestTargetID = CD3685571B5E659500DFC78A;
					};
					CDE6588D1B5E66D400290E34 = {
						CreatedOnToolsVersion = 7.0;
					};
					CDE658961B5E66D400290E34 = {
						CreatedOnToolsVersion = 7.0;
						TestTargetID = CD3685571B5E659500DFC78A;
					};
				};
			};
			buildConfigurationList = CD3685531B5E659500DFC78A /* Build configuration list for PBXProject "Vivi" */;
			compatibilityVersion = "Xcode 3.2";
			developmentRegion = English;
			hasScannedForEncodings = 0;
			knownRegions = (
				en,
				Base,
			);
			mainGroup = CD36854F1B5E659500DFC78A;
			productRefGroup = CD3685591B5E659500DFC78A /* Products */;
			projectDirPath = "";
			projectRoot = "";
			targets = (
				CD3685571B5E659500DFC78A /* Vivi */,
				CD3685681B5E659500DFC78A /* ViviTests */,
				CD3685731B5E659500DFC78A /* ViviUITests */,
				CDE6588D1B5E66D400290E34 /* ViviSwiften */,
				CDE658961B5E66D400290E34 /* ViviSwiftenTests */,
			);
		};
/* End PBXProject section */

/* Begin PBXResourcesBuildPhase section */
		CD3685561B5E659500DFC78A /* Resources */ = {
			isa = PBXResourcesBuildPhase;
			buildActionMask = 2147483647;
			files = (
				CD3685601B5E659500DFC78A /* Assets.xcassets in Resources */,
				CD3685631B5E659500DFC78A /* Main.storyboard in Resources */,
			);
			runOnlyForDeploymentPostprocessing = 0;
		};
		CD3685671B5E659500DFC78A /* Resources */ = {
			isa = PBXResourcesBuildPhase;
			buildActionMask = 2147483647;
			files = (
			);
			runOnlyForDeploymentPostprocessing = 0;
		};
		CD3685721B5E659500DFC78A /* Resources */ = {
			isa = PBXResourcesBuildPhase;
			buildActionMask = 2147483647;
			files = (
			);
			runOnlyForDeploymentPostprocessing = 0;
		};
		CDE6588C1B5E66D400290E34 /* Resources */ = {
			isa = PBXResourcesBuildPhase;
			buildActionMask = 2147483647;
			files = (
			);
			runOnlyForDeploymentPostprocessing = 0;
		};
		CDE658951B5E66D400290E34 /* Resources */ = {
			isa = PBXResourcesBuildPhase;
			buildActionMask = 2147483647;
			files = (
			);
			runOnlyForDeploymentPostprocessing = 0;
		};
/* End PBXResourcesBuildPhase section */

/* Begin PBXSourcesBuildPhase section */
		CD3685541B5E659500DFC78A /* Sources */ = {
			isa = PBXSourcesBuildPhase;
			buildActionMask = 2147483647;
			files = (
				CD36855E1B5E659500DFC78A /* ViewController.swift in Sources */,
				CDE658C81B5E7FAC00290E34 /* Vivi.swift in Sources */,
				CD36855C1B5E659500DFC78A /* AppDelegate.swift in Sources */,
			);
			runOnlyForDeploymentPostprocessing = 0;
		};
		CD3685651B5E659500DFC78A /* Sources */ = {
			isa = PBXSourcesBuildPhase;
			buildActionMask = 2147483647;
			files = (
				CD36856E1B5E659500DFC78A /* ViviTests.swift in Sources */,
			);
			runOnlyForDeploymentPostprocessing = 0;
		};
		CD3685701B5E659500DFC78A /* Sources */ = {
			isa = PBXSourcesBuildPhase;
			buildActionMask = 2147483647;
			files = (
				CD3685791B5E659500DFC78A /* ViviUITests.swift in Sources */,
			);
			runOnlyForDeploymentPostprocessing = 0;
		};
		CDE658891B5E66D400290E34 /* Sources */ = {
			isa = PBXSourcesBuildPhase;
			buildActionMask = 2147483647;
			files = (
				CDE658D11B5EA70F00290E34 /* SWClient.mm in Sources */,
				CDE658CD1B5E8B8000290E34 /* SWClientWrapper.mm in Sources */,
				CDE658C61B5E76FC00290E34 /* VSSharedVivi.m in Sources */,
			);
			runOnlyForDeploymentPostprocessing = 0;
		};
		CDE658931B5E66D400290E34 /* Sources */ = {
			isa = PBXSourcesBuildPhase;
			buildActionMask = 2147483647;
			files = (
				CDE6589F1B5E66D400290E34 /* ViviSwiftenTests.m in Sources */,
			);
			runOnlyForDeploymentPostprocessing = 0;
		};
/* End PBXSourcesBuildPhase section */

/* Begin PBXTargetDependency section */
		CD36856B1B5E659500DFC78A /* PBXTargetDependency */ = {
			isa = PBXTargetDependency;
			target = CD3685571B5E659500DFC78A /* Vivi */;
			targetProxy = CD36856A1B5E659500DFC78A /* PBXContainerItemProxy */;
		};
		CD3685761B5E659500DFC78A /* PBXTargetDependency */ = {
			isa = PBXTargetDependency;
			target = CD3685571B5E659500DFC78A /* Vivi */;
			targetProxy = CD3685751B5E659500DFC78A /* PBXContainerItemProxy */;
		};
		CDE6589A1B5E66D400290E34 /* PBXTargetDependency */ = {
			isa = PBXTargetDependency;
			target = CDE6588D1B5E66D400290E34 /* ViviSwiften */;
			targetProxy = CDE658991B5E66D400290E34 /* PBXContainerItemProxy */;
		};
		CDE6589C1B5E66D400290E34 /* PBXTargetDependency */ = {
			isa = PBXTargetDependency;
			target = CD3685571B5E659500DFC78A /* Vivi */;
			targetProxy = CDE6589B1B5E66D400290E34 /* PBXContainerItemProxy */;
		};
		CDE658A21B5E66D400290E34 /* PBXTargetDependency */ = {
			isa = PBXTargetDependency;
			target = CDE6588D1B5E66D400290E34 /* ViviSwiften */;
			targetProxy = CDE658A11B5E66D400290E34 /* PBXContainerItemProxy */;
		};
/* End PBXTargetDependency section */

/* Begin PBXVariantGroup section */
		CD3685611B5E659500DFC78A /* Main.storyboard */ = {
			isa = PBXVariantGroup;
			children = (
				CD3685621B5E659500DFC78A /* Base */,
			);
			name = Main.storyboard;
			sourceTree = "<group>";
		};
/* End PBXVariantGroup section */

/* Begin XCBuildConfiguration section */
		CD36857B1B5E659500DFC78A /* Debug */ = {
			isa = XCBuildConfiguration;
			buildSettings = {
				ALWAYS_SEARCH_USER_PATHS = NO;
				CLANG_CXX_LANGUAGE_STANDARD = "gnu++0x";
				CLANG_CXX_LIBRARY = "libc++";
				CLANG_ENABLE_MODULES = YES;
				CLANG_ENABLE_OBJC_ARC = YES;
				CLANG_WARN_BOOL_CONVERSION = YES;
				CLANG_WARN_CONSTANT_CONVERSION = YES;
				CLANG_WARN_DIRECT_OBJC_ISA_USAGE = YES_ERROR;
				CLANG_WARN_EMPTY_BODY = YES;
				CLANG_WARN_ENUM_CONVERSION = YES;
				CLANG_WARN_INT_CONVERSION = YES;
				CLANG_WARN_OBJC_ROOT_CLASS = YES_ERROR;
				CLANG_WARN_UNREACHABLE_CODE = YES;
				CLANG_WARN__DUPLICATE_METHOD_MATCH = YES;
				CODE_SIGN_IDENTITY = "-";
				COPY_PHASE_STRIP = NO;
				DEBUG_INFORMATION_FORMAT = dwarf;
				ENABLE_STRICT_OBJC_MSGSEND = YES;
				ENABLE_TESTABILITY = YES;
				GCC_C_LANGUAGE_STANDARD = gnu99;
				GCC_DYNAMIC_NO_PIC = NO;
				GCC_NO_COMMON_BLOCKS = YES;
				GCC_OPTIMIZATION_LEVEL = 0;
				GCC_PREPROCESSOR_DEFINITIONS = (
					"DEBUG=1",
					"$(inherited)",
				);
				GCC_WARN_64_TO_32_BIT_CONVERSION = YES;
				GCC_WARN_ABOUT_RETURN_TYPE = YES_ERROR;
				GCC_WARN_UNDECLARED_SELECTOR = YES;
				GCC_WARN_UNINITIALIZED_AUTOS = YES_AGGRESSIVE;
				GCC_WARN_UNUSED_FUNCTION = YES;
				GCC_WARN_UNUSED_VARIABLE = YES;
				MACOSX_DEPLOYMENT_TARGET = 10.10;
				MTL_ENABLE_DEBUG_INFO = YES;
				ONLY_ACTIVE_ARCH = YES;
				SDKROOT = macosx;
				SWIFT_OPTIMIZATION_LEVEL = "-Onone";
			};
			name = Debug;
		};
		CD36857C1B5E659500DFC78A /* Release */ = {
			isa = XCBuildConfiguration;
			buildSettings = {
				ALWAYS_SEARCH_USER_PATHS = NO;
				CLANG_CXX_LANGUAGE_STANDARD = "gnu++0x";
				CLANG_CXX_LIBRARY = "libc++";
				CLANG_ENABLE_MODULES = YES;
				CLANG_ENABLE_OBJC_ARC = YES;
				CLANG_WARN_BOOL_CONVERSION = YES;
				CLANG_WARN_CONSTANT_CONVERSION = YES;
				CLANG_WARN_DIRECT_OBJC_ISA_USAGE = YES_ERROR;
				CLANG_WARN_EMPTY_BODY = YES;
				CLANG_WARN_ENUM_CONVERSION = YES;
				CLANG_WARN_INT_CONVERSION = YES;
				CLANG_WARN_OBJC_ROOT_CLASS = YES_ERROR;
				CLANG_WARN_UNREACHABLE_CODE = YES;
				CLANG_WARN__DUPLICATE_METHOD_MATCH = YES;
				CODE_SIGN_IDENTITY = "-";
				COPY_PHASE_STRIP = NO;
				DEBUG_INFORMATION_FORMAT = "dwarf-with-dsym";
				ENABLE_NS_ASSERTIONS = NO;
				ENABLE_STRICT_OBJC_MSGSEND = YES;
				GCC_C_LANGUAGE_STANDARD = gnu99;
				GCC_NO_COMMON_BLOCKS = YES;
				GCC_WARN_64_TO_32_BIT_CONVERSION = YES;
				GCC_WARN_ABOUT_RETURN_TYPE = YES_ERROR;
				GCC_WARN_UNDECLARED_SELECTOR = YES;
				GCC_WARN_UNINITIALIZED_AUTOS = YES_AGGRESSIVE;
				GCC_WARN_UNUSED_FUNCTION = YES;
				GCC_WARN_UNUSED_VARIABLE = YES;
				MACOSX_DEPLOYMENT_TARGET = 10.10;
				MTL_ENABLE_DEBUG_INFO = NO;
				SDKROOT = macosx;
			};
			name = Release;
		};
		CD36857E1B5E659500DFC78A /* Debug */ = {
			isa = XCBuildConfiguration;
			buildSettings = {
				ASSETCATALOG_COMPILER_APPICON_NAME = AppIcon;
				COMBINE_HIDPI_IMAGES = YES;
				INFOPLIST_FILE = Vivi/Info.plist;
				LD_RUNPATH_SEARCH_PATHS = "$(inherited) @executable_path/../Frameworks";
				PRODUCT_BUNDLE_IDENTIFIER = cn.edu.ustc.Vivi;
				PRODUCT_NAME = "$(TARGET_NAME)";
			};
			name = Debug;
		};
		CD36857F1B5E659500DFC78A /* Release */ = {
			isa = XCBuildConfiguration;
			buildSettings = {
				ASSETCATALOG_COMPILER_APPICON_NAME = AppIcon;
				COMBINE_HIDPI_IMAGES = YES;
				INFOPLIST_FILE = Vivi/Info.plist;
				LD_RUNPATH_SEARCH_PATHS = "$(inherited) @executable_path/../Frameworks";
				PRODUCT_BUNDLE_IDENTIFIER = cn.edu.ustc.Vivi;
				PRODUCT_NAME = "$(TARGET_NAME)";
			};
			name = Release;
		};
		CD3685811B5E659500DFC78A /* Debug */ = {
			isa = XCBuildConfiguration;
			buildSettings = {
				BUNDLE_LOADER = "$(TEST_HOST)";
				COMBINE_HIDPI_IMAGES = YES;
				INFOPLIST_FILE = ViviTests/Info.plist;
				LD_RUNPATH_SEARCH_PATHS = "$(inherited) @executable_path/../Frameworks @loader_path/../Frameworks";
				PRODUCT_BUNDLE_IDENTIFIER = cn.edu.ustc.ViviTests;
				PRODUCT_NAME = "$(TARGET_NAME)";
				TEST_HOST = "$(BUILT_PRODUCTS_DIR)/Vivi.app/Contents/MacOS/Vivi";
			};
			name = Debug;
		};
		CD3685821B5E659500DFC78A /* Release */ = {
			isa = XCBuildConfiguration;
			buildSettings = {
				BUNDLE_LOADER = "$(TEST_HOST)";
				COMBINE_HIDPI_IMAGES = YES;
				INFOPLIST_FILE = ViviTests/Info.plist;
				LD_RUNPATH_SEARCH_PATHS = "$(inherited) @executable_path/../Frameworks @loader_path/../Frameworks";
				PRODUCT_BUNDLE_IDENTIFIER = cn.edu.ustc.ViviTests;
				PRODUCT_NAME = "$(TARGET_NAME)";
				TEST_HOST = "$(BUILT_PRODUCTS_DIR)/Vivi.app/Contents/MacOS/Vivi";
			};
			name = Release;
		};
		CD3685841B5E659500DFC78A /* Debug */ = {
			isa = XCBuildConfiguration;
			buildSettings = {
				COMBINE_HIDPI_IMAGES = YES;
				INFOPLIST_FILE = ViviUITests/Info.plist;
				LD_RUNPATH_SEARCH_PATHS = "$(inherited) @executable_path/../Frameworks @loader_path/../Frameworks";
				PRODUCT_BUNDLE_IDENTIFIER = cn.edu.ustc.ViviUITests;
				PRODUCT_NAME = "$(TARGET_NAME)";
				TEST_TARGET_NAME = Vivi;
				USES_XCTRUNNER = YES;
			};
			name = Debug;
		};
		CD3685851B5E659500DFC78A /* Release */ = {
			isa = XCBuildConfiguration;
			buildSettings = {
				COMBINE_HIDPI_IMAGES = YES;
				INFOPLIST_FILE = ViviUITests/Info.plist;
				LD_RUNPATH_SEARCH_PATHS = "$(inherited) @executable_path/../Frameworks @loader_path/../Frameworks";
				PRODUCT_BUNDLE_IDENTIFIER = cn.edu.ustc.ViviUITests;
				PRODUCT_NAME = "$(TARGET_NAME)";
				TEST_TARGET_NAME = Vivi;
				USES_XCTRUNNER = YES;
			};
			name = Release;
		};
		CDE658A51B5E66D400290E34 /* Debug */ = {
			isa = XCBuildConfiguration;
			buildSettings = {
				COMBINE_HIDPI_IMAGES = YES;
				CURRENT_PROJECT_VERSION = 1;
				DEFINES_MODULE = YES;
				DYLIB_COMPATIBILITY_VERSION = 1;
				DYLIB_CURRENT_VERSION = 1;
				DYLIB_INSTALL_NAME_BASE = "@rpath";
				FRAMEWORK_VERSION = A;
				INFOPLIST_FILE = ViviSwiften/Info.plist;
				INSTALL_PATH = "$(LOCAL_LIBRARY_DIR)/Frameworks";
				LD_RUNPATH_SEARCH_PATHS = "$(inherited) @executable_path/../Frameworks @loader_path/Frameworks";
				OTHER_CPLUSPLUSFLAGS = (
					"$(OTHER_CFLAGS)",
					"-I/Users/jyhong/Code/swiftIM/Swiften/Config/./../../3rdParty/Boost/src",
					"-DSWIFT_EXPERIMENTAL_FT",
					"-DSWIFTEN_STATIC",
					"-DBOOST_ALL_NO_LIB",
					"-DBOOST_SYSTEM_NO_DEPRECATED",
					"-DBOOST_SIGNALS_NO_DEPRECATION_WARNING",
					"-DSWIFT_EXPERIMENTAL_FT",
					"-I/Users/jyhong/Code/swiftIM/Swiften/Config/./../..",
				);
				OTHER_LDFLAGS = (
					"-L/Users/jyhong/Code/swiftIM/Swiften/Config/./../../Swiften",
					"-L/Users/jyhong/Code/swiftIM/Swiften/Config/./../../3rdParty/Boost",
					"-lSwiften",
					"-lSwiften_Boost",
					"-lz",
					"-lssl",
					"-lcrypto",
					"-lxml2",
					"-lresolv",
					"-lpthread",
					"-ldl",
					"-lm",
					"-lc",
					"-lstdc++",
					"-framework",
					IOKit,
					"-framework",
					AppKit,
					"-framework",
					SystemConfiguration,
					"-framework",
					Security,
					"-framework",
					SecurityInterface,
				);
				PRODUCT_BUNDLE_IDENTIFIER = cn.edu.ustc.ViviSwiften;
				PRODUCT_NAME = "$(TARGET_NAME)";
				SKIP_INSTALL = YES;
				VERSIONING_SYSTEM = "apple-generic";
				VERSION_INFO_PREFIX = "";
			};
			name = Debug;
		};
		CDE658A61B5E66D400290E34 /* Release */ = {
			isa = XCBuildConfiguration;
			buildSettings = {
				COMBINE_HIDPI_IMAGES = YES;
				CURRENT_PROJECT_VERSION = 1;
				DEFINES_MODULE = YES;
				DYLIB_COMPATIBILITY_VERSION = 1;
				DYLIB_CURRENT_VERSION = 1;
				DYLIB_INSTALL_NAME_BASE = "@rpath";
				FRAMEWORK_VERSION = A;
				INFOPLIST_FILE = ViviSwiften/Info.plist;
				INSTALL_PATH = "$(LOCAL_LIBRARY_DIR)/Frameworks";
				LD_RUNPATH_SEARCH_PATHS = "$(inherited) @executable_path/../Frameworks @loader_path/Frameworks";
				OTHER_CPLUSPLUSFLAGS = (
					"$(OTHER_CFLAGS)",
					"-I/Users/jyhong/Code/swiftIM/Swiften/Config/./../../3rdParty/Boost/src",
					"-DSWIFT_EXPERIMENTAL_FT",
					"-DSWIFTEN_STATIC",
					"-DBOOST_ALL_NO_LIB",
					"-DBOOST_SYSTEM_NO_DEPRECATED",
					"-DBOOST_SIGNALS_NO_DEPRECATION_WARNING",
					"-DSWIFT_EXPERIMENTAL_FT",
					"-I/Users/jyhong/Code/swiftIM/Swiften/Config/./../..",
				);
				OTHER_LDFLAGS = (
					"-L/Users/jyhong/Code/swiftIM/Swiften/Config/./../../Swiften",
					"-L/Users/jyhong/Code/swiftIM/Swiften/Config/./../../3rdParty/Boost",
					"-lSwiften",
					"-lSwiften_Boost",
					"-lz",
					"-lssl",
					"-lcrypto",
					"-lxml2",
					"-lresolv",
					"-lpthread",
					"-ldl",
					"-lm",
					"-lc",
					"-lstdc++",
					"-framework",
					IOKit,
					"-framework",
					AppKit,
					"-framework",
					SystemConfiguration,
					"-framework",
					Security,
					"-framework",
					SecurityInterface,
				);
				PRODUCT_BUNDLE_IDENTIFIER = cn.edu.ustc.ViviSwiften;
				PRODUCT_NAME = "$(TARGET_NAME)";
				SKIP_INSTALL = YES;
				VERSIONING_SYSTEM = "apple-generic";
				VERSION_INFO_PREFIX = "";
			};
			name = Release;
		};
		CDE658A71B5E66D400290E34 /* Debug */ = {
			isa = XCBuildConfiguration;
			buildSettings = {
				COMBINE_HIDPI_IMAGES = YES;
				INFOPLIST_FILE = ViviSwiftenTests/Info.plist;
				LD_RUNPATH_SEARCH_PATHS = "$(inherited) @executable_path/../Frameworks @loader_path/../Frameworks";
				PRODUCT_BUNDLE_IDENTIFIER = cn.edu.ustc.ViviSwiftenTests;
				PRODUCT_NAME = "$(TARGET_NAME)";
				TEST_HOST = "$(BUILT_PRODUCTS_DIR)/Vivi.app/Contents/MacOS/Vivi";
			};
			name = Debug;
		};
		CDE658A81B5E66D400290E34 /* Release */ = {
			isa = XCBuildConfiguration;
			buildSettings = {
				COMBINE_HIDPI_IMAGES = YES;
				INFOPLIST_FILE = ViviSwiftenTests/Info.plist;
				LD_RUNPATH_SEARCH_PATHS = "$(inherited) @executable_path/../Frameworks @loader_path/../Frameworks";
				PRODUCT_BUNDLE_IDENTIFIER = cn.edu.ustc.ViviSwiftenTests;
				PRODUCT_NAME = "$(TARGET_NAME)";
				TEST_HOST = "$(BUILT_PRODUCTS_DIR)/Vivi.app/Contents/MacOS/Vivi";
			};
			name = Release;
		};
/* End XCBuildConfiguration section */

/* Begin XCConfigurationList section */
		CD3685531B5E659500DFC78A /* Build configuration list for PBXProject "Vivi" */ = {
			isa = XCConfigurationList;
			buildConfigurations = (
				CD36857B1B5E659500DFC78A /* Debug */,
				CD36857C1B5E659500DFC78A /* Release */,
			);
			defaultConfigurationIsVisible = 0;
			defaultConfigurationName = Release;
		};
		CD36857D1B5E659500DFC78A /* Build configuration list for PBXNativeTarget "Vivi" */ = {
			isa = XCConfigurationList;
			buildConfigurations = (
				CD36857E1B5E659500DFC78A /* Debug */,
				CD36857F1B5E659500DFC78A /* Release */,
			);
			defaultConfigurationIsVisible = 0;
			defaultConfigurationName = Release;
		};
		CD3685801B5E659500DFC78A /* Build configuration list for PBXNativeTarget "ViviTests" */ = {
			isa = XCConfigurationList;
			buildConfigurations = (
				CD3685811B5E659500DFC78A /* Debug */,
				CD3685821B5E659500DFC78A /* Release */,
			);
			defaultConfigurationIsVisible = 0;
			defaultConfigurationName = Release;
		};
		CD3685831B5E659500DFC78A /* Build configuration list for PBXNativeTarget "ViviUITests" */ = {
			isa = XCConfigurationList;
			buildConfigurations = (
				CD3685841B5E659500DFC78A /* Debug */,
				CD3685851B5E659500DFC78A /* Release */,
			);
			defaultConfigurationIsVisible = 0;
			defaultConfigurationName = Release;
		};
		CDE658A91B5E66D400290E34 /* Build configuration list for PBXNativeTarget "ViviSwiften" */ = {
			isa = XCConfigurationList;
			buildConfigurations = (
				CDE658A51B5E66D400290E34 /* Debug */,
				CDE658A61B5E66D400290E34 /* Release */,
			);
			defaultConfigurationIsVisible = 0;
		};
		CDE658AB1B5E66D400290E34 /* Build configuration list for PBXNativeTarget "ViviSwiftenTests" */ = {
			isa = XCConfigurationList;
			buildConfigurations = (
				CDE658A71B5E66D400290E34 /* Debug */,
				CDE658A81B5E66D400290E34 /* Release */,
			);
			defaultConfigurationIsVisible = 0;
		};
/* End XCConfigurationList section */
	};
	rootObject = CD3685501B5E659500DFC78A /* Project object */;
}
